// !$*UTF8*$!
{
	archiveVersion = 1;
	classes = {
	};
	objectVersion = 50;
	objects = {

/* Begin PBXBuildFile section */
		3EBA77A824081DB000A50219 /* AppDelegate.swift in Sources */ = {isa = PBXBuildFile; fileRef = 3EBA77A724081DB000A50219 /* AppDelegate.swift */; };
		3EBA77AA24081DB000A50219 /* SceneDelegate.swift in Sources */ = {isa = PBXBuildFile; fileRef = 3EBA77A924081DB000A50219 /* SceneDelegate.swift */; };
		3EBA77AF24081DB000A50219 /* Main.storyboard in Resources */ = {isa = PBXBuildFile; fileRef = 3EBA77AD24081DB000A50219 /* Main.storyboard */; };
		3EBA77B124081DB300A50219 /* Assets.xcassets in Resources */ = {isa = PBXBuildFile; fileRef = 3EBA77B024081DB300A50219 /* Assets.xcassets */; };
		3EBA77B424081DB300A50219 /* LaunchScreen.storyboard in Resources */ = {isa = PBXBuildFile; fileRef = 3EBA77B224081DB300A50219 /* LaunchScreen.storyboard */; };
		3EBA77BE24081DE200A50219 /* Entry.swift in Sources */ = {isa = PBXBuildFile; fileRef = 3EBA77BD24081DE200A50219 /* Entry.swift */; };
		3EBA77C124081E1E00A50219 /* EntryController.swift in Sources */ = {isa = PBXBuildFile; fileRef = 3EBA77C024081E1E00A50219 /* EntryController.swift */; };
		3EBA77C424081EFB00A50219 /* EntryListTableViewController.swift in Sources */ = {isa = PBXBuildFile; fileRef = 3EBA77C324081EFB00A50219 /* EntryListTableViewController.swift */; };
		3EBA77C724081FB800A50219 /* EntryDetailViewController.swift in Sources */ = {isa = PBXBuildFile; fileRef = 3EBA77C624081FB800A50219 /* EntryDetailViewController.swift */; };
/* End PBXBuildFile section */

/* Begin PBXFileReference section */
		3EBA77A424081DB000A50219 /* Journel in 10 min.app */ = {isa = PBXFileReference; explicitFileType = wrapper.application; includeInIndex = 0; path = "Journel in 10 min.app"; sourceTree = BUILT_PRODUCTS_DIR; };
		3EBA77A724081DB000A50219 /* AppDelegate.swift */ = {isa = PBXFileReference; lastKnownFileType = sourcecode.swift; path = AppDelegate.swift; sourceTree = "<group>"; };
		3EBA77A924081DB000A50219 /* SceneDelegate.swift */ = {isa = PBXFileReference; lastKnownFileType = sourcecode.swift; path = SceneDelegate.swift; sourceTree = "<group>"; };
		3EBA77AE24081DB000A50219 /* Base */ = {isa = PBXFileReference; lastKnownFileType = file.storyboard; name = Base; path = Base.lproj/Main.storyboard; sourceTree = "<group>"; };
		3EBA77B024081DB300A50219 /* Assets.xcassets */ = {isa = PBXFileReference; lastKnownFileType = folder.assetcatalog; path = Assets.xcassets; sourceTree = "<group>"; };
		3EBA77B324081DB300A50219 /* Base */ = {isa = PBXFileReference; lastKnownFileType = file.storyboard; name = Base; path = Base.lproj/LaunchScreen.storyboard; sourceTree = "<group>"; };
		3EBA77B524081DB300A50219 /* Info.plist */ = {isa = PBXFileReference; lastKnownFileType = text.plist.xml; path = Info.plist; sourceTree = "<group>"; };
		3EBA77BD24081DE200A50219 /* Entry.swift */ = {isa = PBXFileReference; lastKnownFileType = sourcecode.swift; path = Entry.swift; sourceTree = "<group>"; };
		3EBA77C024081E1E00A50219 /* EntryController.swift */ = {isa = PBXFileReference; lastKnownFileType = sourcecode.swift; path = EntryController.swift; sourceTree = "<group>"; };
		3EBA77C324081EFB00A50219 /* EntryListTableViewController.swift */ = {isa = PBXFileReference; lastKnownFileType = sourcecode.swift; path = EntryListTableViewController.swift; sourceTree = "<group>"; };
		3EBA77C624081FB800A50219 /* EntryDetailViewController.swift */ = {isa = PBXFileReference; lastKnownFileType = sourcecode.swift; path = EntryDetailViewController.swift; sourceTree = "<group>"; };
/* End PBXFileReference section */

/* Begin PBXFrameworksBuildPhase section */
		3EBA77A124081DB000A50219 /* Frameworks */ = {
			isa = PBXFrameworksBuildPhase;
			buildActionMask = 2147483647;
			files = (
			);
			runOnlyForDeploymentPostprocessing = 0;
		};
/* End PBXFrameworksBuildPhase section */

/* Begin PBXGroup section */
		3EBA779B24081DB000A50219 = {
			isa = PBXGroup;
			children = (
				3EBA77A624081DB000A50219 /* Journel in 10 min */,
				3EBA77A524081DB000A50219 /* Products */,
			);
			sourceTree = "<group>";
		};
		3EBA77A524081DB000A50219 /* Products */ = {
			isa = PBXGroup;
			children = (
				3EBA77A424081DB000A50219 /* Journel in 10 min.app */,
			);
			name = Products;
			sourceTree = "<group>";
		};
		3EBA77A624081DB000A50219 /* Journel in 10 min */ = {
			isa = PBXGroup;
			children = (
				3EBA77C224081ECE00A50219 /* Views */,
				3EBA77BF24081E1100A50219 /* Controllers */,
				3EBA77BC24081DD800A50219 /* Models */,
				3EBA77BB24081DBC00A50219 /* Resources */,
				3EBA77AD24081DB000A50219 /* Main.storyboard */,
			);
			path = "Journel in 10 min";
			sourceTree = "<group>";
		};
		3EBA77BB24081DBC00A50219 /* Resources */ = {
			isa = PBXGroup;
			children = (
				3EBA77A724081DB000A50219 /* AppDelegate.swift */,
				3EBA77A924081DB000A50219 /* SceneDelegate.swift */,
				3EBA77B024081DB300A50219 /* Assets.xcassets */,
				3EBA77B224081DB300A50219 /* LaunchScreen.storyboard */,
				3EBA77B524081DB300A50219 /* Info.plist */,
			);
			path = Resources;
			sourceTree = "<group>";
		};
		3EBA77BC24081DD800A50219 /* Models */ = {
			isa = PBXGroup;
			children = (
				3EBA77BD24081DE200A50219 /* Entry.swift */,
			);
			path = Models;
			sourceTree = "<group>";
		};
		3EBA77BF24081E1100A50219 /* Controllers */ = {
			isa = PBXGroup;
			children = (
				3EBA77C024081E1E00A50219 /* EntryController.swift */,
			);
			path = Controllers;
			sourceTree = "<group>";
		};
		3EBA77C224081ECE00A50219 /* Views */ = {
			isa = PBXGroup;
			children = (
				3EBA77C324081EFB00A50219 /* EntryListTableViewController.swift */,
				3EBA77C624081FB800A50219 /* EntryDetailViewController.swift */,
			);
			path = Views;
			sourceTree = "<group>";
		};
/* End PBXGroup section */

/* Begin PBXNativeTarget section */
		3EBA77A324081DB000A50219 /* Journel in 10 min */ = {
			isa = PBXNativeTarget;
			buildConfigurationList = 3EBA77B824081DB300A50219 /* Build configuration list for PBXNativeTarget "Journel in 10 min" */;
			buildPhases = (
				3EBA77A024081DB000A50219 /* Sources */,
				3EBA77A124081DB000A50219 /* Frameworks */,
				3EBA77A224081DB000A50219 /* Resources */,
			);
			buildRules = (
			);
			dependencies = (
			);
			name = "Journel in 10 min";
			productName = "Journel in 10 min";
			productReference = 3EBA77A424081DB000A50219 /* Journel in 10 min.app */;
			productType = "com.apple.product-type.application";
		};
/* End PBXNativeTarget section */

/* Begin PBXProject section */
		3EBA779C24081DB000A50219 /* Project object */ = {
			isa = PBXProject;
			attributes = {
				LastSwiftUpdateCheck = 1130;
				LastUpgradeCheck = 1130;
				ORGANIZATIONNAME = "Trevor Walker";
				TargetAttributes = {
					3EBA77A324081DB000A50219 = {
						CreatedOnToolsVersion = 11.3.1;
					};
				};
			};
			buildConfigurationList = 3EBA779F24081DB000A50219 /* Build configuration list for PBXProject "Journel in 10 min" */;
			compatibilityVersion = "Xcode 9.3";
			developmentRegion = en;
			hasScannedForEncodings = 0;
			knownRegions = (
				en,
				Base,
			);
			mainGroup = 3EBA779B24081DB000A50219;
			productRefGroup = 3EBA77A524081DB000A50219 /* Products */;
			projectDirPath = "";
			projectRoot = "";
			targets = (
				3EBA77A324081DB000A50219 /* Journel in 10 min */,
			);
		};
/* End PBXProject section */

/* Begin PBXResourcesBuildPhase section */
		3EBA77A224081DB000A50219 /* Resources */ = {
			isa = PBXResourcesBuildPhase;
			buildActionMask = 2147483647;
			files = (
				3EBA77B424081DB300A50219 /* LaunchScreen.storyboard in Resources */,
				3EBA77B124081DB300A50219 /* Assets.xcassets in Resources */,
				3EBA77AF24081DB000A50219 /* Main.storyboard in Resources */,
			);
			runOnlyForDeploymentPostprocessing = 0;
		};
/* End PBXResourcesBuildPhase section */

/* Begin PBXSourcesBuildPhase section */
		3EBA77A024081DB000A50219 /* Sources */ = {
			isa = PBXSourcesBuildPhase;
			buildActionMask = 2147483647;
			files = (
				3EBA77BE24081DE200A50219 /* Entry.swift in Sources */,
				3EBA77C424081EFB00A50219 /* EntryListTableViewController.swift in Sources */,
				3EBA77A824081DB000A50219 /* AppDelegate.swift in Sources */,
				3EBA77C124081E1E00A50219 /* EntryController.swift in Sources */,
				3EBA77C724081FB800A50219 /* EntryDetailViewController.swift in Sources */,
				3EBA77AA24081DB000A50219 /* SceneDelegate.swift in Sources */,
			);
			runOnlyForDeploymentPostprocessing = 0;
		};
/* End PBXSourcesBuildPhase section */

/* Begin PBXVariantGroup section */
		3EBA77AD24081DB000A50219 /* Main.storyboard */ = {
			isa = PBXVariantGroup;
			children = (
				3EBA77AE24081DB000A50219 /* Base */,
			);
			name = Main.storyboard;
			sourceTree = "<group>";
		};
		3EBA77B224081DB300A50219 /* LaunchScreen.storyboard */ = {
			isa = PBXVariantGroup;
			children = (
				3EBA77B324081DB300A50219 /* Base */,
			);
			name = LaunchScreen.storyboard;
			sourceTree = "<group>";
		};
/* End PBXVariantGroup section */

/* Begin XCBuildConfiguration section */
		3EBA77B624081DB300A50219 /* Debug */ = {
			isa = XCBuildConfiguration;
			buildSettings = {
				ALWAYS_SEARCH_USER_PATHS = NO;
				CLANG_ANALYZER_NONNULL = YES;
				CLANG_ANALYZER_NUMBER_OBJECT_CONVERSION = YES_AGGRESSIVE;
				CLANG_CXX_LANGUAGE_STANDARD = "gnu++14";
				CLANG_CXX_LIBRARY = "libc++";
				CLANG_ENABLE_MODULES = YES;
				CLANG_ENABLE_OBJC_ARC = YES;
				CLANG_ENABLE_OBJC_WEAK = YES;
				CLANG_WARN_BLOCK_CAPTURE_AUTORELEASING = YES;
				CLANG_WARN_BOOL_CONVERSION = YES;
				CLANG_WARN_COMMA = YES;
				CLANG_WARN_CONSTANT_CONVERSION = YES;
				CLANG_WARN_DEPRECATED_OBJC_IMPLEMENTATIONS = YES;
				CLANG_WARN_DIRECT_OBJC_ISA_USAGE = YES_ERROR;
				CLANG_WARN_DOCUMENTATION_COMMENTS = YES;
				CLANG_WARN_EMPTY_BODY = YES;
				CLANG_WARN_ENUM_CONVERSION = YES;
				CLANG_WARN_INFINITE_RECURSION = YES;
				CLANG_WARN_INT_CONVERSION = YES;
				CLANG_WARN_NON_LITERAL_NULL_CONVERSION = YES;
				CLANG_WARN_OBJC_IMPLICIT_RETAIN_SELF = YES;
				CLANG_WARN_OBJC_LITERAL_CONVERSION = YES;
				CLANG_WARN_OBJC_ROOT_CLASS = YES_ERROR;
				CLANG_WARN_RANGE_LOOP_ANALYSIS = YES;
				CLANG_WARN_STRICT_PROTOTYPES = YES;
				CLANG_WARN_SUSPICIOUS_MOVE = YES;
				CLANG_WARN_UNGUARDED_AVAILABILITY = YES_AGGRESSIVE;
				CLANG_WARN_UNREACHABLE_CODE = YES;
				CLANG_WARN__DUPLICATE_METHOD_MATCH = YES;
				COPY_PHASE_STRIP = NO;
				DEBUG_INFORMATION_FORMAT = dwarf;
				ENABLE_STRICT_OBJC_MSGSEND = YES;
				ENABLE_TESTABILITY = YES;
				GCC_C_LANGUAGE_STANDARD = gnu11;
				GCC_DYNAMIC_NO_PIC = NO;
				GCC_NO_COMMON_BLOCKS = YES;
				GCC_OPTIMIZATION_LEVEL = 0;
				GCC_PREPROCESSOR_DEFINITIONS = (
					"DEBUG=1",
					"$(inherited)",
				);
				GCC_WARN_64_TO_32_BIT_CONVERSION = YES;
				GCC_WARN_ABOUT_RETURN_TYPE = YES_ERROR;
				GCC_WARN_UNDECLARED_SELECTOR = YES;
				GCC_WARN_UNINITIALIZED_AUTOS = YES_AGGRESSIVE;
				GCC_WARN_UNUSED_FUNCTION = YES;
				GCC_WARN_UNUSED_VARIABLE = YES;
				IPHONEOS_DEPLOYMENT_TARGET = 13.2;
				MTL_ENABLE_DEBUG_INFO = INCLUDE_SOURCE;
				MTL_FAST_MATH = YES;
				ONLY_ACTIVE_ARCH = YES;
				SDKROOT = iphoneos;
				SWIFT_ACTIVE_COMPILATION_CONDITIONS = DEBUG;
				SWIFT_OPTIMIZATION_LEVEL = "-Onone";
			};
			name = Debug;
		};
		3EBA77B724081DB300A50219 /* Release */ = {
			isa = XCBuildConfiguration;
			buildSettings = {
				ALWAYS_SEARCH_USER_PATHS = NO;
				CLANG_ANALYZER_NONNULL = YES;
				CLANG_ANALYZER_NUMBER_OBJECT_CONVERSION = YES_AGGRESSIVE;
				CLANG_CXX_LANGUAGE_STANDARD = "gnu++14";
				CLANG_CXX_LIBRARY = "libc++";
				CLANG_ENABLE_MODULES = YES;
				CLANG_ENABLE_OBJC_ARC = YES;
				CLANG_ENABLE_OBJC_WEAK = YES;
				CLANG_WARN_BLOCK_CAPTURE_AUTORELEASING = YES;
				CLANG_WARN_BOOL_CONVERSION = YES;
				CLANG_WARN_COMMA = YES;
				CLANG_WARN_CONSTANT_CONVERSION = YES;
				CLANG_WARN_DEPRECATED_OBJC_IMPLEMENTATIONS = YES;
				CLANG_WARN_DIRECT_OBJC_ISA_USAGE = YES_ERROR;
				CLANG_WARN_DOCUMENTATION_COMMENTS = YES;
				CLANG_WARN_EMPTY_BODY = YES;
				CLANG_WARN_ENUM_CONVERSION = YES;
				CLANG_WARN_INFINITE_RECURSION = YES;
				CLANG_WARN_INT_CONVERSION = YES;
				CLANG_WARN_NON_LITERAL_NULL_CONVERSION = YES;
				CLANG_WARN_OBJC_IMPLICIT_RETAIN_SELF = YES;
				CLANG_WARN_OBJC_LITERAL_CONVERSION = YES;
				CLANG_WARN_OBJC_ROOT_CLASS = YES_ERROR;
				CLANG_WARN_RANGE_LOOP_ANALYSIS = YES;
				CLANG_WARN_STRICT_PROTOTYPES = YES;
				CLANG_WARN_SUSPICIOUS_MOVE = YES;
				CLANG_WARN_UNGUARDED_AVAILABILITY = YES_AGGRESSIVE;
				CLANG_WARN_UNREACHABLE_CODE = YES;
				CLANG_WARN__DUPLICATE_METHOD_MATCH = YES;
				COPY_PHASE_STRIP = NO;
				DEBUG_INFORMATION_FORMAT = "dwarf-with-dsym";
				ENABLE_NS_ASSERTIONS = NO;
				ENABLE_STRICT_OBJC_MSGSEND = YES;
				GCC_C_LANGUAGE_STANDARD = gnu11;
				GCC_NO_COMMON_BLOCKS = YES;
				GCC_WARN_64_TO_32_BIT_CONVERSION = YES;
				GCC_WARN_ABOUT_RETURN_TYPE = YES_ERROR;
				GCC_WARN_UNDECLARED_SELECTOR = YES;
				GCC_WARN_UNINITIALIZED_AUTOS = YES_AGGRESSIVE;
				GCC_WARN_UNUSED_FUNCTION = YES;
				GCC_WARN_UNUSED_VARIABLE = YES;
				IPHONEOS_DEPLOYMENT_TARGET = 13.2;
				MTL_ENABLE_DEBUG_INFO = NO;
				MTL_FAST_MATH = YES;
				SDKROOT = iphoneos;
				SWIFT_COMPILATION_MODE = wholemodule;
				SWIFT_OPTIMIZATION_LEVEL = "-O";
				VALIDATE_PRODUCT = YES;
			};
			name = Release;
		};
		3EBA77B924081DB300A50219 /* Debug */ = {
			isa = XCBuildConfiguration;
			buildSettings = {
				ASSETCATALOG_COMPILER_APPICON_NAME = AppIcon;
				CODE_SIGN_STYLE = Automatic;
				DEVELOPMENT_TEAM = UCL5625TDG;
				INFOPLIST_FILE = "Journel in 10 min/Resources/Info.plist";
				LD_RUNPATH_SEARCH_PATHS = (
					"$(inherited)",
					"@executable_path/Frameworks",
				);
				PRODUCT_BUNDLE_IDENTIFIER = "com.TrevorWalker.Journel-in-10-min";
				PRODUCT_NAME = "$(TARGET_NAME)";
				SWIFT_VERSION = 5.0;
				TARGETED_DEVICE_FAMILY = "1,2";
			};
			name = Debug;
		};
		3EBA77BA24081DB300A50219 /* Release */ = {
			isa = XCBuildConfiguration;
			buildSettings = {
				ASSETCATALOG_COMPILER_APPICON_NAME = AppIcon;
				CODE_SIGN_STYLE = Automatic;
				DEVELOPMENT_TEAM = UCL5625TDG;
				INFOPLIST_FILE = "Journel in 10 min/Resources/Info.plist";
				LD_RUNPATH_SEARCH_PATHS = (
					"$(inherited)",
					"@executable_path/Frameworks",
				);
				PRODUCT_BUNDLE_IDENTIFIER = "com.TrevorWalker.Journel-in-10-min";
				PRODUCT_NAME = "$(TARGET_NAME)";
				SWIFT_VERSION = 5.0;
				TARGETED_DEVICE_FAMILY = "1,2";
			};
			name = Release;
		};
/* End XCBuildConfiguration section */

/* Begin XCConfigurationList section */
		3EBA779F24081DB000A50219 /* Build configuration list for PBXProject "Journel in 10 min" */ = {
			isa = XCConfigurationList;
			buildConfigurations = (
				3EBA77B624081DB300A50219 /* Debug */,
				3EBA77B724081DB300A50219 /* Release */,
			);
			defaultConfigurationIsVisible = 0;
			defaultConfigurationName = Release;
		};
		3EBA77B824081DB300A50219 /* Build configuration list for PBXNativeTarget "Journel in 10 min" */ = {
			isa = XCConfigurationList;
			buildConfigurations = (
				3EBA77B924081DB300A50219 /* Debug */,
				3EBA77BA24081DB300A50219 /* Release */,
			);
			defaultConfigurationIsVisible = 0;
			defaultConfigurationName = Release;
		};
/* End XCConfigurationList section */
	};
	rootObject = 3EBA779C24081DB000A50219 /* Project object */;
}
